// !$*UTF8*$!
{
	archiveVersion = 1;
	classes = {
	};
	objectVersion = 46;
	objects = {

/* Begin PBXBuildFile section */
		A16CCC6E1D1FB91E009E0E73 /* main.m in Sources */ = {isa = PBXBuildFile; fileRef = A16CCC6D1D1FB91E009E0E73 /* main.m */; };
		A16CCC711D1FB91E009E0E73 /* AppDelegate.m in Sources */ = {isa = PBXBuildFile; fileRef = A16CCC701D1FB91E009E0E73 /* AppDelegate.m */; };
		A16CCC741D1FB91E009E0E73 /* ViewController.m in Sources */ = {isa = PBXBuildFile; fileRef = A16CCC731D1FB91E009E0E73 /* ViewController.m */; };
		A16CCC771D1FB91E009E0E73 /* Main.storyboard in Resources */ = {isa = PBXBuildFile; fileRef = A16CCC751D1FB91E009E0E73 /* Main.storyboard */; };
		A16CCC791D1FB91E009E0E73 /* Assets.xcassets in Resources */ = {isa = PBXBuildFile; fileRef = A16CCC781D1FB91E009E0E73 /* Assets.xcassets */; };
		A16CCC7C1D1FB91E009E0E73 /* LaunchScreen.storyboard in Resources */ = {isa = PBXBuildFile; fileRef = A16CCC7A1D1FB91E009E0E73 /* LaunchScreen.storyboard */; };
		A16CCC871D1FB91E009E0E73 /* GGSortCodeTests.m in Sources */ = {isa = PBXBuildFile; fileRef = A16CCC861D1FB91E009E0E73 /* GGSortCodeTests.m */; };
		A16CCC921D1FB91E009E0E73 /* GGSortCodeUITests.m in Sources */ = {isa = PBXBuildFile; fileRef = A16CCC911D1FB91E009E0E73 /* GGSortCodeUITests.m */; };
/* End PBXBuildFile section */

/* Begin PBXContainerItemProxy section */
		A16CCC831D1FB91E009E0E73 /* PBXContainerItemProxy */ = {
			isa = PBXContainerItemProxy;
			containerPortal = A16CCC611D1FB91E009E0E73 /* Project object */;
			proxyType = 1;
			remoteGlobalIDString = A16CCC681D1FB91E009E0E73;
			remoteInfo = GGSortCode;
		};
		A16CCC8E1D1FB91E009E0E73 /* PBXContainerItemProxy */ = {
			isa = PBXContainerItemProxy;
			containerPortal = A16CCC611D1FB91E009E0E73 /* Project object */;
			proxyType = 1;
			remoteGlobalIDString = A16CCC681D1FB91E009E0E73;
			remoteInfo = GGSortCode;
		};
/* End PBXContainerItemProxy section */

/* Begin PBXFileReference section */
		A16CCC691D1FB91E009E0E73 /* GGSortCode.app */ = {isa = PBXFileReference; explicitFileType = wrapper.application; includeInIndex = 0; path = GGSortCode.app; sourceTree = BUILT_PRODUCTS_DIR; };
		A16CCC6D1D1FB91E009E0E73 /* main.m */ = {isa = PBXFileReference; lastKnownFileType = sourcecode.c.objc; path = main.m; sourceTree = "<group>"; };
		A16CCC6F1D1FB91E009E0E73 /* AppDelegate.h */ = {isa = PBXFileReference; lastKnownFileType = sourcecode.c.h; path = AppDelegate.h; sourceTree = "<group>"; };
		A16CCC701D1FB91E009E0E73 /* AppDelegate.m */ = {isa = PBXFileReference; lastKnownFileType = sourcecode.c.objc; path = AppDelegate.m; sourceTree = "<group>"; };
		A16CCC721D1FB91E009E0E73 /* ViewController.h */ = {isa = PBXFileReference; lastKnownFileType = sourcecode.c.h; path = ViewController.h; sourceTree = "<group>"; };
		A16CCC731D1FB91E009E0E73 /* ViewController.m */ = {isa = PBXFileReference; lastKnownFileType = sourcecode.c.objc; path = ViewController.m; sourceTree = "<group>"; };
		A16CCC761D1FB91E009E0E73 /* Base */ = {isa = PBXFileReference; lastKnownFileType = file.storyboard; name = Base; path = Base.lproj/Main.storyboard; sourceTree = "<group>"; };
		A16CCC781D1FB91E009E0E73 /* Assets.xcassets */ = {isa = PBXFileReference; lastKnownFileType = folder.assetcatalog; path = Assets.xcassets; sourceTree = "<group>"; };
		A16CCC7B1D1FB91E009E0E73 /* Base */ = {isa = PBXFileReference; lastKnownFileType = file.storyboard; name = Base; path = Base.lproj/LaunchScreen.storyboard; sourceTree = "<group>"; };
		A16CCC7D1D1FB91E009E0E73 /* Info.plist */ = {isa = PBXFileReference; lastKnownFileType = text.plist.xml; path = Info.plist; sourceTree = "<group>"; };
		A16CCC821D1FB91E009E0E73 /* GGSortCodeTests.xctest */ = {isa = PBXFileReference; explicitFileType = wrapper.cfbundle; includeInIndex = 0; path = GGSortCodeTests.xctest; sourceTree = BUILT_PRODUCTS_DIR; };
		A16CCC861D1FB91E009E0E73 /* GGSortCodeTests.m */ = {isa = PBXFileReference; lastKnownFileType = sourcecode.c.objc; path = GGSortCodeTests.m; sourceTree = "<group>"; };
		A16CCC881D1FB91E009E0E73 /* Info.plist */ = {isa = PBXFileReference; lastKnownFileType = text.plist.xml; path = Info.plist; sourceTree = "<group>"; };
		A16CCC8D1D1FB91E009E0E73 /* GGSortCodeUITests.xctest */ = {isa = PBXFileReference; explicitFileType = wrapper.cfbundle; includeInIndex = 0; path = GGSortCodeUITests.xctest; sourceTree = BUILT_PRODUCTS_DIR; };
		A16CCC911D1FB91E009E0E73 /* GGSortCodeUITests.m */ = {isa = PBXFileReference; lastKnownFileType = sourcecode.c.objc; path = GGSortCodeUITests.m; sourceTree = "<group>"; };
		A16CCC931D1FB91E009E0E73 /* Info.plist */ = {isa = PBXFileReference; lastKnownFileType = text.plist.xml; path = Info.plist; sourceTree = "<group>"; };
/* End PBXFileReference section */

/* Begin PBXFrameworksBuildPhase section */
		A16CCC661D1FB91E009E0E73 /* Frameworks */ = {
			isa = PBXFrameworksBuildPhase;
			buildActionMask = 2147483647;
			files = (
			);
			runOnlyForDeploymentPostprocessing = 0;
		};
		A16CCC7F1D1FB91E009E0E73 /* Frameworks */ = {
			isa = PBXFrameworksBuildPhase;
			buildActionMask = 2147483647;
			files = (
			);
			runOnlyForDeploymentPostprocessing = 0;
		};
		A16CCC8A1D1FB91E009E0E73 /* Frameworks */ = {
			isa = PBXFrameworksBuildPhase;
			buildActionMask = 2147483647;
			files = (
			);
			runOnlyForDeploymentPostprocessing = 0;
		};
/* End PBXFrameworksBuildPhase section */

/* Begin PBXGroup section */
		A16CCC601D1FB91E009E0E73 = {
			isa = PBXGroup;
			children = (
				A16CCC6B1D1FB91E009E0E73 /* GGSortCode */,
				A16CCC851D1FB91E009E0E73 /* GGSortCodeTests */,
				A16CCC901D1FB91E009E0E73 /* GGSortCodeUITests */,
				A16CCC6A1D1FB91E009E0E73 /* Products */,
			);
			sourceTree = "<group>";
		};
		A16CCC6A1D1FB91E009E0E73 /* Products */ = {
			isa = PBXGroup;
			children = (
				A16CCC691D1FB91E009E0E73 /* GGSortCode.app */,
				A16CCC821D1FB91E009E0E73 /* GGSortCodeTests.xctest */,
				A16CCC8D1D1FB91E009E0E73 /* GGSortCodeUITests.xctest */,
			);
			name = Products;
			sourceTree = "<group>";
		};
		A16CCC6B1D1FB91E009E0E73 /* GGSortCode */ = {
			isa = PBXGroup;
			children = (
				A16CCC6F1D1FB91E009E0E73 /* AppDelegate.h */,
				A16CCC701D1FB91E009E0E73 /* AppDelegate.m */,
				A16CCC721D1FB91E009E0E73 /* ViewController.h */,
				A16CCC731D1FB91E009E0E73 /* ViewController.m */,
				A16CCC751D1FB91E009E0E73 /* Main.storyboard */,
				A16CCC781D1FB91E009E0E73 /* Assets.xcassets */,
				A16CCC7A1D1FB91E009E0E73 /* LaunchScreen.storyboard */,
				A16CCC7D1D1FB91E009E0E73 /* Info.plist */,
				A16CCC6C1D1FB91E009E0E73 /* Supporting Files */,
			);
			path = GGSortCode;
			sourceTree = "<group>";
		};
		A16CCC6C1D1FB91E009E0E73 /* Supporting Files */ = {
			isa = PBXGroup;
			children = (
				A16CCC6D1D1FB91E009E0E73 /* main.m */,
			);
			name = "Supporting Files";
			sourceTree = "<group>";
		};
		A16CCC851D1FB91E009E0E73 /* GGSortCodeTests */ = {
			isa = PBXGroup;
			children = (
				A16CCC861D1FB91E009E0E73 /* GGSortCodeTests.m */,
				A16CCC881D1FB91E009E0E73 /* Info.plist */,
			);
			path = GGSortCodeTests;
			sourceTree = "<group>";
		};
		A16CCC901D1FB91E009E0E73 /* GGSortCodeUITests */ = {
			isa = PBXGroup;
			children = (
				A16CCC911D1FB91E009E0E73 /* GGSortCodeUITests.m */,
				A16CCC931D1FB91E009E0E73 /* Info.plist */,
			);
			path = GGSortCodeUITests;
			sourceTree = "<group>";
		};
/* End PBXGroup section */

/* Begin PBXNativeTarget section */
		A16CCC681D1FB91E009E0E73 /* GGSortCode */ = {
			isa = PBXNativeTarget;
			buildConfigurationList = A16CCC961D1FB91E009E0E73 /* Build configuration list for PBXNativeTarget "GGSortCode" */;
			buildPhases = (
				A16CCC651D1FB91E009E0E73 /* Sources */,
				A16CCC661D1FB91E009E0E73 /* Frameworks */,
				A16CCC671D1FB91E009E0E73 /* Resources */,
			);
			buildRules = (
			);
			dependencies = (
			);
			name = GGSortCode;
			productName = GGSortCode;
			productReference = A16CCC691D1FB91E009E0E73 /* GGSortCode.app */;
			productType = "com.apple.product-type.application";
		};
		A16CCC811D1FB91E009E0E73 /* GGSortCodeTests */ = {
			isa = PBXNativeTarget;
			buildConfigurationList = A16CCC991D1FB91E009E0E73 /* Build configuration list for PBXNativeTarget "GGSortCodeTests" */;
			buildPhases = (
				A16CCC7E1D1FB91E009E0E73 /* Sources */,
				A16CCC7F1D1FB91E009E0E73 /* Frameworks */,
				A16CCC801D1FB91E009E0E73 /* Resources */,
			);
			buildRules = (
			);
			dependencies = (
				A16CCC841D1FB91E009E0E73 /* PBXTargetDependency */,
			);
			name = GGSortCodeTests;
			productName = GGSortCodeTests;
			productReference = A16CCC821D1FB91E009E0E73 /* GGSortCodeTests.xctest */;
			productType = "com.apple.product-type.bundle.unit-test";
		};
		A16CCC8C1D1FB91E009E0E73 /* GGSortCodeUITests */ = {
			isa = PBXNativeTarget;
			buildConfigurationList = A16CCC9C1D1FB91E009E0E73 /* Build configuration list for PBXNativeTarget "GGSortCodeUITests" */;
			buildPhases = (
				A16CCC891D1FB91E009E0E73 /* Sources */,
				A16CCC8A1D1FB91E009E0E73 /* Frameworks */,
				A16CCC8B1D1FB91E009E0E73 /* Resources */,
			);
			buildRules = (
			);
			dependencies = (
				A16CCC8F1D1FB91E009E0E73 /* PBXTargetDependency */,
			);
			name = GGSortCodeUITests;
			productName = GGSortCodeUITests;
			productReference = A16CCC8D1D1FB91E009E0E73 /* GGSortCodeUITests.xctest */;
			productType = "com.apple.product-type.bundle.ui-testing";
		};
/* End PBXNativeTarget section */

/* Begin PBXProject section */
		A16CCC611D1FB91E009E0E73 /* Project object */ = {
			isa = PBXProject;
			attributes = {
				LastUpgradeCheck = 0730;
				ORGANIZATIONNAME = dujia;
				TargetAttributes = {
					A16CCC681D1FB91E009E0E73 = {
						CreatedOnToolsVersion = 7.3.1;
						DevelopmentTeam = WRM5754N86;
					};
					A16CCC811D1FB91E009E0E73 = {
						CreatedOnToolsVersion = 7.3.1;
						DevelopmentTeam = WRM5754N86;
						TestTargetID = A16CCC681D1FB91E009E0E73;
					};
					A16CCC8C1D1FB91E009E0E73 = {
						CreatedOnToolsVersion = 7.3.1;
						DevelopmentTeam = WRM5754N86;
						TestTargetID = A16CCC681D1FB91E009E0E73;
					};
				};
			};
			buildConfigurationList = A16CCC641D1FB91E009E0E73 /* Build configuration list for PBXProject "GGSortCode" */;
			compatibilityVersion = "Xcode 3.2";
			developmentRegion = English;
			hasScannedForEncodings = 0;
			knownRegions = (
				en,
				Base,
			);
			mainGroup = A16CCC601D1FB91E009E0E73;
			productRefGroup = A16CCC6A1D1FB91E009E0E73 /* Products */;
			projectDirPath = "";
			projectRoot = "";
			targets = (
				A16CCC681D1FB91E009E0E73 /* GGSortCode */,
				A16CCC811D1FB91E009E0E73 /* GGSortCodeTests */,
				A16CCC8C1D1FB91E009E0E73 /* GGSortCodeUITests */,
			);
		};
/* End PBXProject section */

/* Begin PBXResourcesBuildPhase section */
		A16CCC671D1FB91E009E0E73 /* Resources */ = {
			isa = PBXResourcesBuildPhase;
			buildActionMask = 2147483647;
			files = (
				A16CCC7C1D1FB91E009E0E73 /* LaunchScreen.storyboard in Resources */,
				A16CCC791D1FB91E009E0E73 /* Assets.xcassets in Resources */,
				A16CCC771D1FB91E009E0E73 /* Main.storyboard in Resources */,
			);
			runOnlyForDeploymentPostprocessing = 0;
		};
		A16CCC801D1FB91E009E0E73 /* Resources */ = {
			isa = PBXResourcesBuildPhase;
			buildActionMask = 2147483647;
			files = (
			);
			runOnlyForDeploymentPostprocessing = 0;
		};
		A16CCC8B1D1FB91E009E0E73 /* Resources */ = {
			isa = PBXResourcesBuildPhase;
			buildActionMask = 2147483647;
			files = (
			);
			runOnlyForDeploymentPostprocessing = 0;
		};
/* End PBXResourcesBuildPhase section */

/* Begin PBXSourcesBuildPhase section */
		A16CCC651D1FB91E009E0E73 /* Sources */ = {
			isa = PBXSourcesBuildPhase;
			buildActionMask = 2147483647;
			files = (
				A16CCC741D1FB91E009E0E73 /* ViewController.m in Sources */,
				A16CCC711D1FB91E009E0E73 /* AppDelegate.m in Sources */,
				A16CCC6E1D1FB91E009E0E73 /* main.m in Sources */,
			);
			runOnlyForDeploymentPostprocessing = 0;
		};
		A16CCC7E1D1FB91E009E0E73 /* Sources */ = {
			isa = PBXSourcesBuildPhase;
			buildActionMask = 2147483647;
			files = (
				A16CCC871D1FB91E009E0E73 /* GGSortCodeTests.m in Sources */,
			);
			runOnlyForDeploymentPostprocessing = 0;
		};
		A16CCC891D1FB91E009E0E73 /* Sources */ = {
			isa = PBXSourcesBuildPhase;
			buildActionMask = 2147483647;
			files = (
				A16CCC921D1FB91E009E0E73 /* GGSortCodeUITests.m in Sources */,
			);
			runOnlyForDeploymentPostprocessing = 0;
		};
/* End PBXSourcesBuildPhase section */

/* Begin PBXTargetDependency section */
		A16CCC841D1FB91E009E0E73 /* PBXTargetDependency */ = {
			isa = PBXTargetDependency;
			target = A16CCC681D1FB91E009E0E73 /* GGSortCode */;
			targetProxy = A16CCC831D1FB91E009E0E73 /* PBXContainerItemProxy */;
		};
		A16CCC8F1D1FB91E009E0E73 /* PBXTargetDependency */ = {
			isa = PBXTargetDependency;
			target = A16CCC681D1FB91E009E0E73 /* GGSortCode */;
			targetProxy = A16CCC8E1D1FB91E009E0E73 /* PBXContainerItemProxy */;
		};
/* End PBXTargetDependency section */

/* Begin PBXVariantGroup section */
		A16CCC751D1FB91E009E0E73 /* Main.storyboard */ = {
			isa = PBXVariantGroup;
			children = (
				A16CCC761D1FB91E009E0E73 /* Base */,
			);
			name = Main.storyboard;
			sourceTree = "<group>";
		};
		A16CCC7A1D1FB91E009E0E73 /* LaunchScreen.storyboard */ = {
			isa = PBXVariantGroup;
			children = (
				A16CCC7B1D1FB91E009E0E73 /* Base */,
			);
			name = LaunchScreen.storyboard;
			sourceTree = "<group>";
		};
/* End PBXVariantGroup section */

/* Begin XCBuildConfiguration section */
		A16CCC941D1FB91E009E0E73 /* Debug */ = {
			isa = XCBuildConfiguration;
			buildSettings = {
				ALWAYS_SEARCH_USER_PATHS = NO;
				CLANG_ANALYZER_NONNULL = YES;
				CLANG_CXX_LANGUAGE_STANDARD = "gnu++0x";
				CLANG_CXX_LIBRARY = "libc++";
				CLANG_ENABLE_MODULES = YES;
				CLANG_ENABLE_OBJC_ARC = YES;
				CLANG_WARN_BOOL_CONVERSION = YES;
				CLANG_WARN_CONSTANT_CONVERSION = YES;
				CLANG_WARN_DIRECT_OBJC_ISA_USAGE = YES_ERROR;
				CLANG_WARN_EMPTY_BODY = YES;
				CLANG_WARN_ENUM_CONVERSION = YES;
				CLANG_WARN_INT_CONVERSION = YES;
				CLANG_WARN_OBJC_ROOT_CLASS = YES_ERROR;
				CLANG_WARN_UNREACHABLE_CODE = YES;
				CLANG_WARN__DUPLICATE_METHOD_MATCH = YES;
				"CODE_SIGN_IDENTITY[sdk=iphoneos*]" = "iPhone Developer";
				COPY_PHASE_STRIP = NO;
				DEBUG_INFORMATION_FORMAT = dwarf;
				ENABLE_STRICT_OBJC_MSGSEND = YES;
				ENABLE_TESTABILITY = YES;
				GCC_C_LANGUAGE_STANDARD = gnu99;
				GCC_DYNAMIC_NO_PIC = NO;
				GCC_NO_COMMON_BLOCKS = YES;
				GCC_OPTIMIZATION_LEVEL = 0;
				GCC_PREPROCESSOR_DEFINITIONS = (
					"DEBUG=1",
					"$(inherited)",
				);
				GCC_WARN_64_TO_32_BIT_CONVERSION = YES;
				GCC_WARN_ABOUT_RETURN_TYPE = YES_ERROR;
				GCC_WARN_UNDECLARED_SELECTOR = YES;
				GCC_WARN_UNINITIALIZED_AUTOS = YES_AGGRESSIVE;
				GCC_WARN_UNUSED_FUNCTION = YES;
				GCC_WARN_UNUSED_VARIABLE = YES;
				IPHONEOS_DEPLOYMENT_TARGET = 9.3;
				MTL_ENABLE_DEBUG_INFO = YES;
				ONLY_ACTIVE_ARCH = YES;
				SDKROOT = iphoneos;
				TARGETED_DEVICE_FAMILY = "1,2";
			};
			name = Debug;
		};
		A16CCC951D1FB91E009E0E73 /* Release */ = {
			isa = XCBuildConfiguration;
			buildSettings = {
				ALWAYS_SEARCH_USER_PATHS = NO;
				CLANG_ANALYZER_NONNULL = YES;
				CLANG_CXX_LANGUAGE_STANDARD = "gnu++0x";
				CLANG_CXX_LIBRARY = "libc++";
				CLANG_ENABLE_MODULES = YES;
				CLANG_ENABLE_OBJC_ARC = YES;
				CLANG_WARN_BOOL_CONVERSION = YES;
				CLANG_WARN_CONSTANT_CONVERSION = YES;
				CLANG_WARN_DIRECT_OBJC_ISA_USAGE = YES_ERROR;
				CLANG_WARN_EMPTY_BODY = YES;
				CLANG_WARN_ENUM_CONVERSION = YES;
				CLANG_WARN_INT_CONVERSION = YES;
				CLANG_WARN_OBJC_ROOT_CLASS = YES_ERROR;
				CLANG_WARN_UNREACHABLE_CODE = YES;
				CLANG_WARN__DUPLICATE_METHOD_MATCH = YES;
				"CODE_SIGN_IDENTITY[sdk=iphoneos*]" = "iPhone Developer";
				COPY_PHASE_STRIP = NO;
				DEBUG_INFORMATION_FORMAT = "dwarf-with-dsym";
				ENABLE_NS_ASSERTIONS = NO;
				ENABLE_STRICT_OBJC_MSGSEND = YES;
				GCC_C_LANGUAGE_STANDARD = gnu99;
				GCC_NO_COMMON_BLOCKS = YES;
				GCC_WARN_64_TO_32_BIT_CONVERSION = YES;
				GCC_WARN_ABOUT_RETURN_TYPE = YES_ERROR;
				GCC_WARN_UNDECLARED_SELECTOR = YES;
				GCC_WARN_UNINITIALIZED_AUTOS = YES_AGGRESSIVE;
				GCC_WARN_UNUSED_FUNCTION = YES;
				GCC_WARN_UNUSED_VARIABLE = YES;
				IPHONEOS_DEPLOYMENT_TARGET = 9.3;
				MTL_ENABLE_DEBUG_INFO = NO;
				SDKROOT = iphoneos;
				TARGETED_DEVICE_FAMILY = "1,2";
				VALIDATE_PRODUCT = YES;
			};
			name = Release;
		};
		A16CCC971D1FB91E009E0E73 /* Debug */ = {
			isa = XCBuildConfiguration;
			buildSettings = {
				ASSETCATALOG_COMPILER_APPICON_NAME = AppIcon;
				INFOPLIST_FILE = GGSortCode/Info.plist;
				LD_RUNPATH_SEARCH_PATHS = "$(inherited) @executable_path/Frameworks";
				PRODUCT_BUNDLE_IDENTIFIER = com.sogou.GGSortCode;
				PRODUCT_NAME = "$(TARGET_NAME)";
			};
			name = Debug;
		};
		A16CCC981D1FB91E009E0E73 /* Release */ = {
			isa = XCBuildConfiguration;
			buildSettings = {
				ASSETCATALOG_COMPILER_APPICON_NAME = AppIcon;
				INFOPLIST_FILE = GGSortCode/Info.plist;
				LD_RUNPATH_SEARCH_PATHS = "$(inherited) @executable_path/Frameworks";
				PRODUCT_BUNDLE_IDENTIFIER = com.sogou.GGSortCode;
				PRODUCT_NAME = "$(TARGET_NAME)";
			};
			name = Release;
		};
		A16CCC9A1D1FB91E009E0E73 /* Debug */ = {
			isa = XCBuildConfiguration;
			buildSettings = {
				BUNDLE_LOADER = "$(TEST_HOST)";
				INFOPLIST_FILE = GGSortCodeTests/Info.plist;
				LD_RUNPATH_SEARCH_PATHS = "$(inherited) @executable_path/Frameworks @loader_path/Frameworks";
				PRODUCT_BUNDLE_IDENTIFIER = com.sogou.GGSortCodeTests;
				PRODUCT_NAME = "$(TARGET_NAME)";
				TEST_HOST = "$(BUILT_PRODUCTS_DIR)/GGSortCode.app/GGSortCode";
			};
			name = Debug;
		};
		A16CCC9B1D1FB91E009E0E73 /* Release */ = {
			isa = XCBuildConfiguration;
			buildSettings = {
				BUNDLE_LOADER = "$(TEST_HOST)";
				INFOPLIST_FILE = GGSortCodeTests/Info.plist;
				LD_RUNPATH_SEARCH_PATHS = "$(inherited) @executable_path/Frameworks @loader_path/Frameworks";
				PRODUCT_BUNDLE_IDENTIFIER = com.sogou.GGSortCodeTests;
				PRODUCT_NAME = "$(TARGET_NAME)";
				TEST_HOST = "$(BUILT_PRODUCTS_DIR)/GGSortCode.app/GGSortCode";
			};
			name = Release;
		};
		A16CCC9D1D1FB91E009E0E73 /* Debug */ = {
			isa = XCBuildConfiguration;
			buildSettings = {
				INFOPLIST_FILE = GGSortCodeUITests/Info.plist;
				LD_RUNPATH_SEARCH_PATHS = "$(inherited) @executable_path/Frameworks @loader_path/Frameworks";
				PRODUCT_BUNDLE_IDENTIFIER = com.sogou.GGSortCodeUITests;
				PRODUCT_NAME = "$(TARGET_NAME)";
				TEST_TARGET_NAME = GGSortCode;
			};
			name = Debug;
		};
		A16CCC9E1D1FB91E009E0E73 /* Release */ = {
			isa = XCBuildConfiguration;
			buildSettings = {
				INFOPLIST_FILE = GGSortCodeUITests/Info.plist;
				LD_RUNPATH_SEARCH_PATHS = "$(inherited) @executable_path/Frameworks @loader_path/Frameworks";
				PRODUCT_BUNDLE_IDENTIFIER = com.sogou.GGSortCodeUITests;
				PRODUCT_NAME = "$(TARGET_NAME)";
				TEST_TARGET_NAME = GGSortCode;
			};
			name = Release;
		};
/* End XCBuildConfiguration section */

/* Begin XCConfigurationList section */
		A16CCC641D1FB91E009E0E73 /* Build configuration list for PBXProject "GGSortCode" */ = {
			isa = XCConfigurationList;
			buildConfigurations = (
				A16CCC941D1FB91E009E0E73 /* Debug */,
				A16CCC951D1FB91E009E0E73 /* Release */,
			);
			defaultConfigurationIsVisible = 0;
			defaultConfigurationName = Release;
		};
		A16CCC961D1FB91E009E0E73 /* Build configuration list for PBXNativeTarget "GGSortCode" */ = {
			isa = XCConfigurationList;
			buildConfigurations = (
				A16CCC971D1FB91E009E0E73 /* Debug */,
				A16CCC981D1FB91E009E0E73 /* Release */,
			);
			defaultConfigurationIsVisible = 0;
		};
		A16CCC991D1FB91E009E0E73 /* Build configuration list for PBXNativeTarget "GGSortCodeTests" */ = {
			isa = XCConfigurationList;
			buildConfigurations = (
				A16CCC9A1D1FB91E009E0E73 /* Debug */,
				A16CCC9B1D1FB91E009E0E73 /* Release */,
			);
			defaultConfigurationIsVisible = 0;
		};
		A16CCC9C1D1FB91E009E0E73 /* Build configuration list for PBXNativeTarget "GGSortCodeUITests" */ = {
			isa = XCConfigurationList;
			buildConfigurations = (
				A16CCC9D1D1FB91E009E0E73 /* Debug */,
				A16CCC9E1D1FB91E009E0E73 /* Release */,
			);
			defaultConfigurationIsVisible = 0;
		};
/* End XCConfigurationList section */
	};
	rootObject = A16CCC611D1FB91E009E0E73 /* Project object */;
}
